
Microsoft Visual Studio Solution File, Format Version 12.00
# Visual Studio 2013
VisualStudioVersion = 12.0.30501.0
MinimumVisualStudioVersion = 10.0.40219.1
Project("{FAE04EC0-301F-11D3-BF4B-00C04F79EFBC}") = "Entity.Framework.Example.Tests", "Entity.Framework.Example.Tests\Entity.Framework.Example.Tests.csproj", "{88362F81-A5A0-45C2-A39C-EFDBB48527AA}"
EndProject
Project("{FAE04EC0-301F-11D3-BF4B-00C04F79EFBC}") = "Entity.Framework.Example", "Entity.Framework.Example\Entity.Framework.Example.csproj", "{CABC2DC8-0922-4155-AB8B-AF3E38A8A25E}"
EndProject
Project("{FAE04EC0-301F-11D3-BF4B-00C04F79EFBC}") = "BDD.Tests", "BDD.Tests\BDD.Tests.csproj", "{C35CF8AE-E95F-4AA0-B24A-0977BCF3E80E}"
EndProject
Project("{FAE04EC0-301F-11D3-BF4B-00C04F79EFBC}") = "BDD", "BDD\BDD.csproj", "{A7945B19-BBC1-4465-B712-0CB97B9BED5B}"
EndProject
Global
	GlobalSection(SolutionConfigurationPlatforms) = preSolution
		Debug|Any CPU = Debug|Any CPU
		Release|Any CPU = Release|Any CPU
	EndGlobalSection
	GlobalSection(ProjectConfigurationPlatforms) = postSolution
		{88362F81-A5A0-45C2-A39C-EFDBB48527AA}.Debug|Any CPU.ActiveCfg = Debug|Any CPU
		{88362F81-A5A0-45C2-A39C-EFDBB48527AA}.Debug|Any CPU.Build.0 = Debug|Any CPU
		{88362F81-A5A0-45C2-A39C-EFDBB48527AA}.Release|Any CPU.ActiveCfg = Release|Any CPU
		{88362F81-A5A0-45C2-A39C-EFDBB48527AA}.Release|Any CPU.Build.0 = Release|Any CPU
		{CABC2DC8-0922-4155-AB8B-AF3E38A8A25E}.Debug|Any CPU.ActiveCfg = Debug|Any CPU
		{CABC2DC8-0922-4155-AB8B-AF3E38A8A25E}.Debug|Any CPU.Build.0 = Debug|Any CPU
		{CABC2DC8-0922-4155-AB8B-AF3E38A8A25E}.Release|Any CPU.ActiveCfg = Release|Any CPU
		{CABC2DC8-0922-4155-AB8B-AF3E38A8A25E}.Release|Any CPU.Build.0 = Release|Any CPU
		{C35CF8AE-E95F-4AA0-B24A-0977BCF3E80E}.Debug|Any CPU.ActiveCfg = Debug|Any CPU
		{C35CF8AE-E95F-4AA0-B24A-0977BCF3E80E}.Debug|Any CPU.Build.0 = Debug|Any CPU
		{C35CF8AE-E95F-4AA0-B24A-0977BCF3E80E}.Release|Any CPU.ActiveCfg = Release|Any CPU
		{C35CF8AE-E95F-4AA0-B24A-0977BCF3E80E}.Release|Any CPU.Build.0 = Release|Any CPU
		{A7945B19-BBC1-4465-B712-0CB97B9BED5B}.Debug|Any CPU.ActiveCfg = Debug|Any CPU
		{A7945B19-BBC1-4465-B712-0CB97B9BED5B}.Debug|Any CPU.Build.0 = Debug|Any CPU
		{A7945B19-BBC1-4465-B712-0CB97B9BED5B}.Release|Any CPU.ActiveCfg = Release|Any CPU
		{A7945B19-BBC1-4465-B712-0CB97B9BED5B}.Release|Any CPU.Build.0 = Release|Any CPU
	EndGlobalSection
	GlobalSection(SolutionProperties) = preSolution
		HideSolutionNode = FALSE
	EndGlobalSection
EndGlobal
