
Microsoft Visual Studio Solution File, Format Version 12.00
# Visual Studio 15
VisualStudioVersion = 15.0.28010.2016
MinimumVisualStudioVersion = 10.0.40219.1
Project("{FAE04EC0-301F-11D3-BF4B-00C04F79EFBC}") = "Entity.Framework.Example.Tests", "Entity.Framework.Example.Tests\Entity.Framework.Example.Tests.csproj", "{88362F81-A5A0-45C2-A39C-EFDBB48527AA}"
EndProject
Project("{FAE04EC0-301F-11D3-BF4B-00C04F79EFBC}") = "Entity.Framework.Example", "Entity.Framework.Example\Entity.Framework.Example.csproj", "{CABC2DC8-0922-4155-AB8B-AF3E38A8A25E}"
EndProject
Project("{FAE04EC0-301F-11D3-BF4B-00C04F79EFBC}") = "Xml.Parser", "Xml.Parser\Xml.Parser.csproj", "{0C4543D8-3565-4942-AD43-0DCDE9ED61FF}"
EndProject
Project("{FAE04EC0-301F-11D3-BF4B-00C04F79EFBC}") = "Xml.Parser.Tests", "Xml.Parser.Tests\Xml.Parser.Tests.csproj", "{291A483B-36F6-41DC-A4F2-639B6384F056}"
EndProject
Project("{FAE04EC0-301F-11D3-BF4B-00C04F79EFBC}") = "MyConsoleApp", "MyConsoleApp\MyConsoleApp.csproj", "{C51D8740-FB6C-4444-A7E9-728D23DFA5D9}"
EndProject
Project("{FAE04EC0-301F-11D3-BF4B-00C04F79EFBC}") = "MyWpfUserControlLibrary", "MyWpfUserControlLibrary\MyWpfUserControlLibrary.csproj", "{F0D16A8A-F30E-4B61-93FD-82DAEA2A1BBB}"
EndProject
Global
	GlobalSection(SolutionConfigurationPlatforms) = preSolution
		Debug|Any CPU = Debug|Any CPU
		Release|Any CPU = Release|Any CPU
	EndGlobalSection
	GlobalSection(ProjectConfigurationPlatforms) = postSolution
		{88362F81-A5A0-45C2-A39C-EFDBB48527AA}.Debug|Any CPU.ActiveCfg = Debug|Any CPU
		{88362F81-A5A0-45C2-A39C-EFDBB48527AA}.Debug|Any CPU.Build.0 = Debug|Any CPU
		{88362F81-A5A0-45C2-A39C-EFDBB48527AA}.Release|Any CPU.ActiveCfg = Release|Any CPU
		{88362F81-A5A0-45C2-A39C-EFDBB48527AA}.Release|Any CPU.Build.0 = Release|Any CPU
		{CABC2DC8-0922-4155-AB8B-AF3E38A8A25E}.Debug|Any CPU.ActiveCfg = Debug|Any CPU
		{CABC2DC8-0922-4155-AB8B-AF3E38A8A25E}.Debug|Any CPU.Build.0 = Debug|Any CPU
		{CABC2DC8-0922-4155-AB8B-AF3E38A8A25E}.Release|Any CPU.ActiveCfg = Release|Any CPU
		{CABC2DC8-0922-4155-AB8B-AF3E38A8A25E}.Release|Any CPU.Build.0 = Release|Any CPU
		{0C4543D8-3565-4942-AD43-0DCDE9ED61FF}.Debug|Any CPU.ActiveCfg = Debug|Any CPU
		{0C4543D8-3565-4942-AD43-0DCDE9ED61FF}.Debug|Any CPU.Build.0 = Debug|Any CPU
		{0C4543D8-3565-4942-AD43-0DCDE9ED61FF}.Release|Any CPU.ActiveCfg = Release|Any CPU
		{0C4543D8-3565-4942-AD43-0DCDE9ED61FF}.Release|Any CPU.Build.0 = Release|Any CPU
		{291A483B-36F6-41DC-A4F2-639B6384F056}.Debug|Any CPU.ActiveCfg = Debug|Any CPU
		{291A483B-36F6-41DC-A4F2-639B6384F056}.Debug|Any CPU.Build.0 = Debug|Any CPU
		{291A483B-36F6-41DC-A4F2-639B6384F056}.Release|Any CPU.ActiveCfg = Release|Any CPU
		{291A483B-36F6-41DC-A4F2-639B6384F056}.Release|Any CPU.Build.0 = Release|Any CPU
		{C51D8740-FB6C-4444-A7E9-728D23DFA5D9}.Debug|Any CPU.ActiveCfg = Debug|Any CPU
		{C51D8740-FB6C-4444-A7E9-728D23DFA5D9}.Debug|Any CPU.Build.0 = Debug|Any CPU
		{C51D8740-FB6C-4444-A7E9-728D23DFA5D9}.Release|Any CPU.ActiveCfg = Release|Any CPU
		{C51D8740-FB6C-4444-A7E9-728D23DFA5D9}.Release|Any CPU.Build.0 = Release|Any CPU
		{F0D16A8A-F30E-4B61-93FD-82DAEA2A1BBB}.Debug|Any CPU.ActiveCfg = Debug|Any CPU
		{F0D16A8A-F30E-4B61-93FD-82DAEA2A1BBB}.Debug|Any CPU.Build.0 = Debug|Any CPU
		{F0D16A8A-F30E-4B61-93FD-82DAEA2A1BBB}.Release|Any CPU.ActiveCfg = Release|Any CPU
		{F0D16A8A-F30E-4B61-93FD-82DAEA2A1BBB}.Release|Any CPU.Build.0 = Release|Any CPU
	EndGlobalSection
	GlobalSection(SolutionProperties) = preSolution
		HideSolutionNode = FALSE
	EndGlobalSection
	GlobalSection(ExtensibilityGlobals) = postSolution
		SolutionGuid = {72CFF62F-7C26-421F-8A38-D1CCEEB060F5}
	EndGlobalSection
EndGlobal
